
Microsoft Visual Studio Solution File, Format Version 12.00
# Visual Studio Version 17
VisualStudioVersion = 17.9.34622.214
MinimumVisualStudioVersion = 10.0.40219.1
Project("{FAE04EC0-301F-11D3-BF4B-00C04F79EFBC}") = "TaskApp.DAL", "TaskApp.DAL\TaskApp.DAL.csproj", "{36A3FC8F-4417-450A-A3FD-A88130D79493}"
EndProject
Project("{FAE04EC0-301F-11D3-BF4B-00C04F79EFBC}") = "TaskApp.Core", "TaskApp.Core\TaskApp.Core.csproj", "{5EE90F7B-7159-4E6B-929D-667EB30F9428}"
EndProject
Project("{FAE04EC0-301F-11D3-BF4B-00C04F79EFBC}") = "TaskApp.Business", "TaskApp.Business\TaskApp.Business.csproj", "{5E1F3A78-42DD-4FEF-98AD-DBF79C135EB0}"
EndProject
Project("{FAE04EC0-301F-11D3-BF4B-00C04F79EFBC}") = "TaskApp.API", "TaskApp.API\TaskApp.API.csproj", "{2037FF03-515E-4DBD-ACF9-6F66C0802137}"
EndProject
Global
	GlobalSection(SolutionConfigurationPlatforms) = preSolution
		Debug|Any CPU = Debug|Any CPU
		Release|Any CPU = Release|Any CPU
	EndGlobalSection
	GlobalSection(ProjectConfigurationPlatforms) = postSolution
		{36A3FC8F-4417-450A-A3FD-A88130D79493}.Debug|Any CPU.ActiveCfg = Debug|Any CPU
		{36A3FC8F-4417-450A-A3FD-A88130D79493}.Debug|Any CPU.Build.0 = Debug|Any CPU
		{36A3FC8F-4417-450A-A3FD-A88130D79493}.Release|Any CPU.ActiveCfg = Release|Any CPU
		{36A3FC8F-4417-450A-A3FD-A88130D79493}.Release|Any CPU.Build.0 = Release|Any CPU
		{5EE90F7B-7159-4E6B-929D-667EB30F9428}.Debug|Any CPU.ActiveCfg = Debug|Any CPU
		{5EE90F7B-7159-4E6B-929D-667EB30F9428}.Debug|Any CPU.Build.0 = Debug|Any CPU
		{5EE90F7B-7159-4E6B-929D-667EB30F9428}.Release|Any CPU.ActiveCfg = Release|Any CPU
		{5EE90F7B-7159-4E6B-929D-667EB30F9428}.Release|Any CPU.Build.0 = Release|Any CPU
		{5E1F3A78-42DD-4FEF-98AD-DBF79C135EB0}.Debug|Any CPU.ActiveCfg = Debug|Any CPU
		{5E1F3A78-42DD-4FEF-98AD-DBF79C135EB0}.Debug|Any CPU.Build.0 = Debug|Any CPU
		{5E1F3A78-42DD-4FEF-98AD-DBF79C135EB0}.Release|Any CPU.ActiveCfg = Release|Any CPU
		{5E1F3A78-42DD-4FEF-98AD-DBF79C135EB0}.Release|Any CPU.Build.0 = Release|Any CPU
		{2037FF03-515E-4DBD-ACF9-6F66C0802137}.Debug|Any CPU.ActiveCfg = Debug|Any CPU
		{2037FF03-515E-4DBD-ACF9-6F66C0802137}.Debug|Any CPU.Build.0 = Debug|Any CPU
		{2037FF03-515E-4DBD-ACF9-6F66C0802137}.Release|Any CPU.ActiveCfg = Release|Any CPU
		{2037FF03-515E-4DBD-ACF9-6F66C0802137}.Release|Any CPU.Build.0 = Release|Any CPU
	EndGlobalSection
	GlobalSection(SolutionProperties) = preSolution
		HideSolutionNode = FALSE
	EndGlobalSection
	GlobalSection(ExtensibilityGlobals) = postSolution
		SolutionGuid = {CF57E820-4C6D-44F5-BD75-92639E25B6D5}
	EndGlobalSection
EndGlobal
